
Microsoft Visual Studio Solution File, Format Version 12.00
# Visual Studio Version 17
VisualStudioVersion = 17.0.31912.275
MinimumVisualStudioVersion = 10.0.40219.1
Project("{9A19103F-16F7-4668-BE54-9A1E7A4F7556}") = "guideXOS", "guideXOS\guideXOS.csproj", "{3880E378-077B-4F24-AD1E-9E157679C9BA}"
EndProject
Project("{D954291E-2A0B-460D-934E-DC6B0785DB48}") = "Kernel", "Kernel\Kernel.shproj", "{066034BC-37FE-4605-8BDB-C525EC29DBE4}"
EndProject
Project("{D954291E-2A0B-460D-934E-DC6B0785DB48}") = "Corlib", "Corlib\Corlib.shproj", "{51E1B402-1D4F-4C9B-831C-45C8603353D5}"
EndProject
Project("{FAE04EC0-301F-11D3-BF4B-00C04F79EFBC}") = "guideXOS.com", "..\guideXOS.com\guideXOS.com.csproj", "{E1A63B68-5EA4-9BF9-E3BE-4998D9A45C6D}"
EndProject
Project("{FAE04EC0-301F-11D3-BF4B-00C04F79EFBC}") = "GXMPackager", "..\GXM.Apps\GXMPackager\GXMPackager.csproj", "{BEBFEEAE-A465-EA7F-9F53-57CB8D311D38}"
EndProject
Project("{FAE04EC0-301F-11D3-BF4B-00C04F79EFBC}") = "GXMPackager.GUI", "..\GXM.Apps\GXMPackager.GUI\GXMPackager.GUI.csproj", "{F6EBAA5F-AE0E-A5FC-62BE-BFFCC3801C6A}"
EndProject
Project("{2150E333-8FDC-42A3-9474-1A3956D46DE8}") = "EXTRAS", "EXTRAS", "{3C1A36CE-FCD0-488A-8249-F59F4FE9E335}"
EndProject
Project("{8BC9CEB8-8B4A-11D0-8D11-00A0C91BC942}") = "guideXOSBootLoader", "guideXOSBootLoader\guideXOSBootLoader.vcxproj", "{1FEDF2AD-1078-4F66-AACF-CEA3C8511AD7}"
EndProject
Project("{FAE04EC0-301F-11D3-BF4B-00C04F79EFBC}") = "efinoruntime", "..\..\..\zs\zerosharp-master\efi-no-runtime\efinoruntime.csproj", "{F255E433-1941-871E-6F47-217A27CF8FF4}"
EndProject
Project("{2150E333-8FDC-42A3-9474-1A3956D46DE8}") = "guideXOS.LegacyBiosX86", "guideXOS.LegacyBiosX86", "{02EA681E-C7D8-13C7-8484-4AC65E1B71E8}"
EndProject
Project("{D954291E-2A0B-460D-934E-DC6B0785DB48}") = "Corlib", "..\guideXOS.Legacy\Corlib\Corlib.shproj", "{863DCD00-4521-4E98-B610-EE29EF16773C}"
EndProject
Project("{D954291E-2A0B-460D-934E-DC6B0785DB48}") = "Kernel", "..\guideXOS.Legacy\Kernel\Kernel.shproj", "{F7CABB88-37FC-4D33-A7E7-0B117772D6FF}"
EndProject
Project("{FAE04EC0-301F-11D3-BF4B-00C04F79EFBC}") = "guideXOS", "..\guideXOS.Legacy\guideXOS\guideXOS.csproj", "{5AA6EBB3-1FEF-9B19-8EDE-DDBC992D38A6}"
EndProject
Global
	GlobalSection(SolutionConfigurationPlatforms) = preSolution
		Debug|Any CPU = Debug|Any CPU
		Debug|x64 = Debug|x64
		Debug|x86 = Debug|x86
		Release|Any CPU = Release|Any CPU
		Release|x64 = Release|x64
		Release|x86 = Release|x86
	EndGlobalSection
	GlobalSection(ProjectConfigurationPlatforms) = postSolution
		{3880E378-077B-4F24-AD1E-9E157679C9BA}.Debug|Any CPU.ActiveCfg = Debug|Any CPU
		{3880E378-077B-4F24-AD1E-9E157679C9BA}.Debug|Any CPU.Build.0 = Debug|Any CPU
		{3880E378-077B-4F24-AD1E-9E157679C9BA}.Debug|x64.ActiveCfg = Debug|Any CPU
		{3880E378-077B-4F24-AD1E-9E157679C9BA}.Debug|x64.Build.0 = Debug|Any CPU
		{3880E378-077B-4F24-AD1E-9E157679C9BA}.Debug|x86.ActiveCfg = Debug|Any CPU
		{3880E378-077B-4F24-AD1E-9E157679C9BA}.Debug|x86.Build.0 = Debug|Any CPU
		{3880E378-077B-4F24-AD1E-9E157679C9BA}.Release|Any CPU.ActiveCfg = Release|Any CPU
		{3880E378-077B-4F24-AD1E-9E157679C9BA}.Release|Any CPU.Build.0 = Release|Any CPU
		{3880E378-077B-4F24-AD1E-9E157679C9BA}.Release|x64.ActiveCfg = Release|Any CPU
		{3880E378-077B-4F24-AD1E-9E157679C9BA}.Release|x64.Build.0 = Release|Any CPU
		{3880E378-077B-4F24-AD1E-9E157679C9BA}.Release|x86.ActiveCfg = Release|Any CPU
		{3880E378-077B-4F24-AD1E-9E157679C9BA}.Release|x86.Build.0 = Release|Any CPU
		{E1A63B68-5EA4-9BF9-E3BE-4998D9A45C6D}.Debug|Any CPU.ActiveCfg = Debug|Any CPU
		{E1A63B68-5EA4-9BF9-E3BE-4998D9A45C6D}.Debug|Any CPU.Build.0 = Debug|Any CPU
		{E1A63B68-5EA4-9BF9-E3BE-4998D9A45C6D}.Debug|x64.ActiveCfg = Debug|Any CPU
		{E1A63B68-5EA4-9BF9-E3BE-4998D9A45C6D}.Debug|x64.Build.0 = Debug|Any CPU
		{E1A63B68-5EA4-9BF9-E3BE-4998D9A45C6D}.Debug|x86.ActiveCfg = Debug|Any CPU
		{E1A63B68-5EA4-9BF9-E3BE-4998D9A45C6D}.Debug|x86.Build.0 = Debug|Any CPU
		{E1A63B68-5EA4-9BF9-E3BE-4998D9A45C6D}.Release|Any CPU.ActiveCfg = Release|Any CPU
		{E1A63B68-5EA4-9BF9-E3BE-4998D9A45C6D}.Release|Any CPU.Build.0 = Release|Any CPU
		{E1A63B68-5EA4-9BF9-E3BE-4998D9A45C6D}.Release|x64.ActiveCfg = Release|Any CPU
		{E1A63B68-5EA4-9BF9-E3BE-4998D9A45C6D}.Release|x64.Build.0 = Release|Any CPU
		{E1A63B68-5EA4-9BF9-E3BE-4998D9A45C6D}.Release|x86.ActiveCfg = Release|Any CPU
		{E1A63B68-5EA4-9BF9-E3BE-4998D9A45C6D}.Release|x86.Build.0 = Release|Any CPU
		{BEBFEEAE-A465-EA7F-9F53-57CB8D311D38}.Debug|Any CPU.ActiveCfg = Debug|Any CPU
		{BEBFEEAE-A465-EA7F-9F53-57CB8D311D38}.Debug|Any CPU.Build.0 = Debug|Any CPU
		{BEBFEEAE-A465-EA7F-9F53-57CB8D311D38}.Debug|x64.ActiveCfg = Debug|Any CPU
		{BEBFEEAE-A465-EA7F-9F53-57CB8D311D38}.Debug|x64.Build.0 = Debug|Any CPU
		{BEBFEEAE-A465-EA7F-9F53-57CB8D311D38}.Debug|x86.ActiveCfg = Debug|Any CPU
		{BEBFEEAE-A465-EA7F-9F53-57CB8D311D38}.Debug|x86.Build.0 = Debug|Any CPU
		{BEBFEEAE-A465-EA7F-9F53-57CB8D311D38}.Release|Any CPU.ActiveCfg = Release|Any CPU
		{BEBFEEAE-A465-EA7F-9F53-57CB8D311D38}.Release|Any CPU.Build.0 = Release|Any CPU
		{BEBFEEAE-A465-EA7F-9F53-57CB8D311D38}.Release|x64.ActiveCfg = Release|Any CPU
		{BEBFEEAE-A465-EA7F-9F53-57CB8D311D38}.Release|x64.Build.0 = Release|Any CPU
		{BEBFEEAE-A465-EA7F-9F53-57CB8D311D38}.Release|x86.ActiveCfg = Release|Any CPU
		{BEBFEEAE-A465-EA7F-9F53-57CB8D311D38}.Release|x86.Build.0 = Release|Any CPU
		{F6EBAA5F-AE0E-A5FC-62BE-BFFCC3801C6A}.Debug|Any CPU.ActiveCfg = Debug|Any CPU
		{F6EBAA5F-AE0E-A5FC-62BE-BFFCC3801C6A}.Debug|Any CPU.Build.0 = Debug|Any CPU
		{F6EBAA5F-AE0E-A5FC-62BE-BFFCC3801C6A}.Debug|x64.ActiveCfg = Debug|Any CPU
		{F6EBAA5F-AE0E-A5FC-62BE-BFFCC3801C6A}.Debug|x64.Build.0 = Debug|Any CPU
		{F6EBAA5F-AE0E-A5FC-62BE-BFFCC3801C6A}.Debug|x86.ActiveCfg = Debug|Any CPU
		{F6EBAA5F-AE0E-A5FC-62BE-BFFCC3801C6A}.Debug|x86.Build.0 = Debug|Any CPU
		{F6EBAA5F-AE0E-A5FC-62BE-BFFCC3801C6A}.Release|Any CPU.ActiveCfg = Release|Any CPU
		{F6EBAA5F-AE0E-A5FC-62BE-BFFCC3801C6A}.Release|Any CPU.Build.0 = Release|Any CPU
		{F6EBAA5F-AE0E-A5FC-62BE-BFFCC3801C6A}.Release|x64.ActiveCfg = Release|Any CPU
		{F6EBAA5F-AE0E-A5FC-62BE-BFFCC3801C6A}.Release|x64.Build.0 = Release|Any CPU
		{F6EBAA5F-AE0E-A5FC-62BE-BFFCC3801C6A}.Release|x86.ActiveCfg = Release|Any CPU
		{F6EBAA5F-AE0E-A5FC-62BE-BFFCC3801C6A}.Release|x86.Build.0 = Release|Any CPU
		{1FEDF2AD-1078-4F66-AACF-CEA3C8511AD7}.Debug|Any CPU.ActiveCfg = Debug|x64
		{1FEDF2AD-1078-4F66-AACF-CEA3C8511AD7}.Debug|Any CPU.Build.0 = Debug|x64
		{1FEDF2AD-1078-4F66-AACF-CEA3C8511AD7}.Debug|x64.ActiveCfg = Debug|x64
		{1FEDF2AD-1078-4F66-AACF-CEA3C8511AD7}.Debug|x64.Build.0 = Debug|x64
		{1FEDF2AD-1078-4F66-AACF-CEA3C8511AD7}.Debug|x86.ActiveCfg = Debug|Win32
		{1FEDF2AD-1078-4F66-AACF-CEA3C8511AD7}.Debug|x86.Build.0 = Debug|Win32
		{1FEDF2AD-1078-4F66-AACF-CEA3C8511AD7}.Release|Any CPU.ActiveCfg = Release|x64
		{1FEDF2AD-1078-4F66-AACF-CEA3C8511AD7}.Release|Any CPU.Build.0 = Release|x64
		{1FEDF2AD-1078-4F66-AACF-CEA3C8511AD7}.Release|x64.ActiveCfg = Release|x64
		{1FEDF2AD-1078-4F66-AACF-CEA3C8511AD7}.Release|x64.Build.0 = Release|x64
		{1FEDF2AD-1078-4F66-AACF-CEA3C8511AD7}.Release|x86.ActiveCfg = Release|Win32
		{1FEDF2AD-1078-4F66-AACF-CEA3C8511AD7}.Release|x86.Build.0 = Release|Win32
		{F255E433-1941-871E-6F47-217A27CF8FF4}.Debug|Any CPU.ActiveCfg = Debug|Any CPU
		{F255E433-1941-871E-6F47-217A27CF8FF4}.Debug|Any CPU.Build.0 = Debug|Any CPU
		{F255E433-1941-871E-6F47-217A27CF8FF4}.Debug|x64.ActiveCfg = Debug|Any CPU
		{F255E433-1941-871E-6F47-217A27CF8FF4}.Debug|x64.Build.0 = Debug|Any CPU
		{F255E433-1941-871E-6F47-217A27CF8FF4}.Debug|x86.ActiveCfg = Debug|Any CPU
		{F255E433-1941-871E-6F47-217A27CF8FF4}.Debug|x86.Build.0 = Debug|Any CPU
		{F255E433-1941-871E-6F47-217A27CF8FF4}.Release|Any CPU.ActiveCfg = Release|Any CPU
		{F255E433-1941-871E-6F47-217A27CF8FF4}.Release|Any CPU.Build.0 = Release|Any CPU
		{F255E433-1941-871E-6F47-217A27CF8FF4}.Release|x64.ActiveCfg = Release|Any CPU
		{F255E433-1941-871E-6F47-217A27CF8FF4}.Release|x64.Build.0 = Release|Any CPU
		{F255E433-1941-871E-6F47-217A27CF8FF4}.Release|x86.ActiveCfg = Release|Any CPU
		{F255E433-1941-871E-6F47-217A27CF8FF4}.Release|x86.Build.0 = Release|Any CPU
		{5AA6EBB3-1FEF-9B19-8EDE-DDBC992D38A6}.Debug|Any CPU.ActiveCfg = Debug|Any CPU
		{5AA6EBB3-1FEF-9B19-8EDE-DDBC992D38A6}.Debug|Any CPU.Build.0 = Debug|Any CPU
		{5AA6EBB3-1FEF-9B19-8EDE-DDBC992D38A6}.Debug|x64.ActiveCfg = Debug|Any CPU
		{5AA6EBB3-1FEF-9B19-8EDE-DDBC992D38A6}.Debug|x64.Build.0 = Debug|Any CPU
		{5AA6EBB3-1FEF-9B19-8EDE-DDBC992D38A6}.Debug|x86.ActiveCfg = Debug|Any CPU
		{5AA6EBB3-1FEF-9B19-8EDE-DDBC992D38A6}.Debug|x86.Build.0 = Debug|Any CPU
		{5AA6EBB3-1FEF-9B19-8EDE-DDBC992D38A6}.Release|Any CPU.ActiveCfg = Release|Any CPU
		{5AA6EBB3-1FEF-9B19-8EDE-DDBC992D38A6}.Release|Any CPU.Build.0 = Release|Any CPU
		{5AA6EBB3-1FEF-9B19-8EDE-DDBC992D38A6}.Release|x64.ActiveCfg = Release|Any CPU
		{5AA6EBB3-1FEF-9B19-8EDE-DDBC992D38A6}.Release|x64.Build.0 = Release|Any CPU
		{5AA6EBB3-1FEF-9B19-8EDE-DDBC992D38A6}.Release|x86.ActiveCfg = Release|Any CPU
		{5AA6EBB3-1FEF-9B19-8EDE-DDBC992D38A6}.Release|x86.Build.0 = Release|Any CPU
	EndGlobalSection
	GlobalSection(SolutionProperties) = preSolution
		HideSolutionNode = FALSE
	EndGlobalSection
	GlobalSection(NestedProjects) = preSolution
		{E1A63B68-5EA4-9BF9-E3BE-4998D9A45C6D} = {3C1A36CE-FCD0-488A-8249-F59F4FE9E335}
		{BEBFEEAE-A465-EA7F-9F53-57CB8D311D38} = {3C1A36CE-FCD0-488A-8249-F59F4FE9E335}
		{F6EBAA5F-AE0E-A5FC-62BE-BFFCC3801C6A} = {3C1A36CE-FCD0-488A-8249-F59F4FE9E335}
		{F255E433-1941-871E-6F47-217A27CF8FF4} = {3C1A36CE-FCD0-488A-8249-F59F4FE9E335}
		{863DCD00-4521-4E98-B610-EE29EF16773C} = {02EA681E-C7D8-13C7-8484-4AC65E1B71E8}
		{F7CABB88-37FC-4D33-A7E7-0B117772D6FF} = {02EA681E-C7D8-13C7-8484-4AC65E1B71E8}
		{5AA6EBB3-1FEF-9B19-8EDE-DDBC992D38A6} = {02EA681E-C7D8-13C7-8484-4AC65E1B71E8}
	EndGlobalSection
	GlobalSection(ExtensibilityGlobals) = postSolution
		SolutionGuid = {520E811A-5371-4234-B39B-9189715E441D}
	EndGlobalSection
	GlobalSection(SharedMSBuildProjectFiles) = preSolution
		Kernel\Kernel.projitems*{066034bc-37fe-4605-8bdb-c525ec29dbe4}*SharedItemsImports = 13
		Corlib\Corlib.projitems*{3880e378-077b-4f24-ad1e-9e157679c9ba}*SharedItemsImports = 5
		Kernel\Kernel.projitems*{3880e378-077b-4f24-ad1e-9e157679c9ba}*SharedItemsImports = 5
		Corlib\Corlib.projitems*{51e1b402-1d4f-4c9b-831c-45c8603353d5}*SharedItemsImports = 13
		..\guideXOS.Legacy\Corlib\Corlib.projitems*{5aa6ebb3-1fef-9b19-8ede-ddbc992d38a6}*SharedItemsImports = 5
		..\guideXOS.Legacy\Kernel\Kernel.projitems*{5aa6ebb3-1fef-9b19-8ede-ddbc992d38a6}*SharedItemsImports = 5
		..\guideXOS.Legacy\Corlib\Corlib.projitems*{863dcd00-4521-4e98-b610-ee29ef16773c}*SharedItemsImports = 13
		..\guideXOS.Legacy\Kernel\Kernel.projitems*{f7cabb88-37fc-4d33-a7e7-0b117772d6ff}*SharedItemsImports = 13
	EndGlobalSection
EndGlobal
